
Microsoft Visual Studio Solution File, Format Version 12.00
# Visual Studio Version 16
VisualStudioVersion = 16.0.31019.35
MinimumVisualStudioVersion = 10.0.40219.1
Project("{FAE04EC0-301F-11D3-BF4B-00C04F79EFBC}") = "Detyra8", "Detyra8\Detyra8.csproj", "{10D54363-0BC9-42F4-9F06-8D21C80C3CA2}"
EndProject
Global
	GlobalSection(SolutionConfigurationPlatforms) = preSolution
		Debug|Any CPU = Debug|Any CPU
		Release|Any CPU = Release|Any CPU
	EndGlobalSection
	GlobalSection(ProjectConfigurationPlatforms) = postSolution
		{10D54363-0BC9-42F4-9F06-8D21C80C3CA2}.Debug|Any CPU.ActiveCfg = Debug|Any CPU
		{10D54363-0BC9-42F4-9F06-8D21C80C3CA2}.Debug|Any CPU.Build.0 = Debug|Any CPU
		{10D54363-0BC9-42F4-9F06-8D21C80C3CA2}.Release|Any CPU.ActiveCfg = Release|Any CPU
		{10D54363-0BC9-42F4-9F06-8D21C80C3CA2}.Release|Any CPU.Build.0 = Release|Any CPU
	EndGlobalSection
	GlobalSection(SolutionProperties) = preSolution
		HideSolutionNode = FALSE
	EndGlobalSection
	GlobalSection(ExtensibilityGlobals) = postSolution
		SolutionGuid = {1F014620-022E-4ACE-9D23-BAFB79CF5DF4}
	EndGlobalSection
EndGlobal
