
Microsoft Visual Studio Solution File, Format Version 12.00
# Visual Studio Version 16
VisualStudioVersion = 16.0.31019.35
MinimumVisualStudioVersion = 10.0.40219.1
Project("{FAE04EC0-301F-11D3-BF4B-00C04F79EFBC}") = "Detyra15", "Detyra15\Detyra15.csproj", "{09B25DD4-074A-46F4-A120-AD48C11C6756}"
EndProject
Global
	GlobalSection(SolutionConfigurationPlatforms) = preSolution
		Debug|Any CPU = Debug|Any CPU
		Release|Any CPU = Release|Any CPU
	EndGlobalSection
	GlobalSection(ProjectConfigurationPlatforms) = postSolution
		{09B25DD4-074A-46F4-A120-AD48C11C6756}.Debug|Any CPU.ActiveCfg = Debug|Any CPU
		{09B25DD4-074A-46F4-A120-AD48C11C6756}.Debug|Any CPU.Build.0 = Debug|Any CPU
		{09B25DD4-074A-46F4-A120-AD48C11C6756}.Release|Any CPU.ActiveCfg = Release|Any CPU
		{09B25DD4-074A-46F4-A120-AD48C11C6756}.Release|Any CPU.Build.0 = Release|Any CPU
	EndGlobalSection
	GlobalSection(SolutionProperties) = preSolution
		HideSolutionNode = FALSE
	EndGlobalSection
	GlobalSection(ExtensibilityGlobals) = postSolution
		SolutionGuid = {5E9E4836-F623-49A0-B5B9-AA48F8E53A7D}
	EndGlobalSection
EndGlobal
