
Microsoft Visual Studio Solution File, Format Version 12.00
# Visual Studio Version 16
VisualStudioVersion = 16.0.31019.35
MinimumVisualStudioVersion = 10.0.40219.1
Project("{FAE04EC0-301F-11D3-BF4B-00C04F79EFBC}") = "Detyra10", "Detyra10\Detyra10.csproj", "{1E2976B9-FD2C-42D2-9493-53C3C32599E2}"
EndProject
Global
	GlobalSection(SolutionConfigurationPlatforms) = preSolution
		Debug|Any CPU = Debug|Any CPU
		Release|Any CPU = Release|Any CPU
	EndGlobalSection
	GlobalSection(ProjectConfigurationPlatforms) = postSolution
		{1E2976B9-FD2C-42D2-9493-53C3C32599E2}.Debug|Any CPU.ActiveCfg = Debug|Any CPU
		{1E2976B9-FD2C-42D2-9493-53C3C32599E2}.Debug|Any CPU.Build.0 = Debug|Any CPU
		{1E2976B9-FD2C-42D2-9493-53C3C32599E2}.Release|Any CPU.ActiveCfg = Release|Any CPU
		{1E2976B9-FD2C-42D2-9493-53C3C32599E2}.Release|Any CPU.Build.0 = Release|Any CPU
	EndGlobalSection
	GlobalSection(SolutionProperties) = preSolution
		HideSolutionNode = FALSE
	EndGlobalSection
	GlobalSection(ExtensibilityGlobals) = postSolution
		SolutionGuid = {431BD215-FD00-4A3C-B135-EEB28AE1ED07}
	EndGlobalSection
EndGlobal
