
Microsoft Visual Studio Solution File, Format Version 12.00
# Visual Studio Version 16
VisualStudioVersion = 16.0.31019.35
MinimumVisualStudioVersion = 10.0.40219.1
Project("{FAE04EC0-301F-11D3-BF4B-00C04F79EFBC}") = "Detyra2", "Detyra2\Detyra2.csproj", "{4A0416BB-0421-4209-AFCC-B4AB3E3F3B2B}"
EndProject
Global
	GlobalSection(SolutionConfigurationPlatforms) = preSolution
		Debug|Any CPU = Debug|Any CPU
		Release|Any CPU = Release|Any CPU
	EndGlobalSection
	GlobalSection(ProjectConfigurationPlatforms) = postSolution
		{4A0416BB-0421-4209-AFCC-B4AB3E3F3B2B}.Debug|Any CPU.ActiveCfg = Debug|Any CPU
		{4A0416BB-0421-4209-AFCC-B4AB3E3F3B2B}.Debug|Any CPU.Build.0 = Debug|Any CPU
		{4A0416BB-0421-4209-AFCC-B4AB3E3F3B2B}.Release|Any CPU.ActiveCfg = Release|Any CPU
		{4A0416BB-0421-4209-AFCC-B4AB3E3F3B2B}.Release|Any CPU.Build.0 = Release|Any CPU
	EndGlobalSection
	GlobalSection(SolutionProperties) = preSolution
		HideSolutionNode = FALSE
	EndGlobalSection
	GlobalSection(ExtensibilityGlobals) = postSolution
		SolutionGuid = {DF3742EF-94ED-42B0-820E-97F4D61FA6AE}
	EndGlobalSection
EndGlobal
