
Microsoft Visual Studio Solution File, Format Version 12.00
# Visual Studio Version 16
VisualStudioVersion = 16.0.31019.35
MinimumVisualStudioVersion = 10.0.40219.1
Project("{FAE04EC0-301F-11D3-BF4B-00C04F79EFBC}") = "Detyra11", "Detyra11\Detyra11.csproj", "{B869B48B-779D-46CD-9740-174BC2BD9C0F}"
EndProject
Global
	GlobalSection(SolutionConfigurationPlatforms) = preSolution
		Debug|Any CPU = Debug|Any CPU
		Release|Any CPU = Release|Any CPU
	EndGlobalSection
	GlobalSection(ProjectConfigurationPlatforms) = postSolution
		{B869B48B-779D-46CD-9740-174BC2BD9C0F}.Debug|Any CPU.ActiveCfg = Debug|Any CPU
		{B869B48B-779D-46CD-9740-174BC2BD9C0F}.Debug|Any CPU.Build.0 = Debug|Any CPU
		{B869B48B-779D-46CD-9740-174BC2BD9C0F}.Release|Any CPU.ActiveCfg = Release|Any CPU
		{B869B48B-779D-46CD-9740-174BC2BD9C0F}.Release|Any CPU.Build.0 = Release|Any CPU
	EndGlobalSection
	GlobalSection(SolutionProperties) = preSolution
		HideSolutionNode = FALSE
	EndGlobalSection
	GlobalSection(ExtensibilityGlobals) = postSolution
		SolutionGuid = {F4A89306-E02D-4D66-A515-C12543AD2C5C}
	EndGlobalSection
EndGlobal
