
Microsoft Visual Studio Solution File, Format Version 12.00
# Visual Studio Version 16
VisualStudioVersion = 16.0.31019.35
MinimumVisualStudioVersion = 10.0.40219.1
Project("{FAE04EC0-301F-11D3-BF4B-00C04F79EFBC}") = "Stack2", "Stack2\Stack2.csproj", "{7D1EEE1A-1474-4B1E-BE3E-BB1BE0F26B79}"
EndProject
Global
	GlobalSection(SolutionConfigurationPlatforms) = preSolution
		Debug|Any CPU = Debug|Any CPU
		Release|Any CPU = Release|Any CPU
	EndGlobalSection
	GlobalSection(ProjectConfigurationPlatforms) = postSolution
		{7D1EEE1A-1474-4B1E-BE3E-BB1BE0F26B79}.Debug|Any CPU.ActiveCfg = Debug|Any CPU
		{7D1EEE1A-1474-4B1E-BE3E-BB1BE0F26B79}.Debug|Any CPU.Build.0 = Debug|Any CPU
		{7D1EEE1A-1474-4B1E-BE3E-BB1BE0F26B79}.Release|Any CPU.ActiveCfg = Release|Any CPU
		{7D1EEE1A-1474-4B1E-BE3E-BB1BE0F26B79}.Release|Any CPU.Build.0 = Release|Any CPU
	EndGlobalSection
	GlobalSection(SolutionProperties) = preSolution
		HideSolutionNode = FALSE
	EndGlobalSection
	GlobalSection(ExtensibilityGlobals) = postSolution
		SolutionGuid = {0CCCB1A4-625E-4BC2-A19D-B0F034A059E4}
	EndGlobalSection
EndGlobal
