
Microsoft Visual Studio Solution File, Format Version 12.00
# Visual Studio Version 16
VisualStudioVersion = 16.0.31019.35
MinimumVisualStudioVersion = 10.0.40219.1
Project("{FAE04EC0-301F-11D3-BF4B-00C04F79EFBC}") = "Detyra9", "Detyra9\Detyra9.csproj", "{23653D2B-7C73-4119-96A1-2E820481F37C}"
EndProject
Global
	GlobalSection(SolutionConfigurationPlatforms) = preSolution
		Debug|Any CPU = Debug|Any CPU
		Release|Any CPU = Release|Any CPU
	EndGlobalSection
	GlobalSection(ProjectConfigurationPlatforms) = postSolution
		{23653D2B-7C73-4119-96A1-2E820481F37C}.Debug|Any CPU.ActiveCfg = Debug|Any CPU
		{23653D2B-7C73-4119-96A1-2E820481F37C}.Debug|Any CPU.Build.0 = Debug|Any CPU
		{23653D2B-7C73-4119-96A1-2E820481F37C}.Release|Any CPU.ActiveCfg = Release|Any CPU
		{23653D2B-7C73-4119-96A1-2E820481F37C}.Release|Any CPU.Build.0 = Release|Any CPU
	EndGlobalSection
	GlobalSection(SolutionProperties) = preSolution
		HideSolutionNode = FALSE
	EndGlobalSection
	GlobalSection(ExtensibilityGlobals) = postSolution
		SolutionGuid = {826CECCB-DB19-4F94-AF09-EBA13F70EF1D}
	EndGlobalSection
EndGlobal
