
Microsoft Visual Studio Solution File, Format Version 12.00
# Visual Studio Version 16
VisualStudioVersion = 16.0.31019.35
MinimumVisualStudioVersion = 10.0.40219.1
Project("{FAE04EC0-301F-11D3-BF4B-00C04F79EFBC}") = "File", "File\File.csproj", "{6739AD92-EFC1-4013-9E86-54D610E7928A}"
EndProject
Global
	GlobalSection(SolutionConfigurationPlatforms) = preSolution
		Debug|Any CPU = Debug|Any CPU
		Release|Any CPU = Release|Any CPU
	EndGlobalSection
	GlobalSection(ProjectConfigurationPlatforms) = postSolution
		{6739AD92-EFC1-4013-9E86-54D610E7928A}.Debug|Any CPU.ActiveCfg = Debug|Any CPU
		{6739AD92-EFC1-4013-9E86-54D610E7928A}.Debug|Any CPU.Build.0 = Debug|Any CPU
		{6739AD92-EFC1-4013-9E86-54D610E7928A}.Release|Any CPU.ActiveCfg = Release|Any CPU
		{6739AD92-EFC1-4013-9E86-54D610E7928A}.Release|Any CPU.Build.0 = Release|Any CPU
	EndGlobalSection
	GlobalSection(SolutionProperties) = preSolution
		HideSolutionNode = FALSE
	EndGlobalSection
	GlobalSection(ExtensibilityGlobals) = postSolution
		SolutionGuid = {BF5BA2D2-C7CE-433B-B2CE-753369FFBE46}
	EndGlobalSection
EndGlobal
