
Microsoft Visual Studio Solution File, Format Version 12.00
# Visual Studio Version 16
VisualStudioVersion = 16.0.31019.35
MinimumVisualStudioVersion = 10.0.40219.1
Project("{FAE04EC0-301F-11D3-BF4B-00C04F79EFBC}") = "Detyra11", "Detyra11\Detyra11.csproj", "{E9147EB8-9B0B-4E32-9F1F-29224B9539DE}"
EndProject
Global
	GlobalSection(SolutionConfigurationPlatforms) = preSolution
		Debug|Any CPU = Debug|Any CPU
		Release|Any CPU = Release|Any CPU
	EndGlobalSection
	GlobalSection(ProjectConfigurationPlatforms) = postSolution
		{E9147EB8-9B0B-4E32-9F1F-29224B9539DE}.Debug|Any CPU.ActiveCfg = Debug|Any CPU
		{E9147EB8-9B0B-4E32-9F1F-29224B9539DE}.Debug|Any CPU.Build.0 = Debug|Any CPU
		{E9147EB8-9B0B-4E32-9F1F-29224B9539DE}.Release|Any CPU.ActiveCfg = Release|Any CPU
		{E9147EB8-9B0B-4E32-9F1F-29224B9539DE}.Release|Any CPU.Build.0 = Release|Any CPU
	EndGlobalSection
	GlobalSection(SolutionProperties) = preSolution
		HideSolutionNode = FALSE
	EndGlobalSection
	GlobalSection(ExtensibilityGlobals) = postSolution
		SolutionGuid = {A6E7E9C3-7B8D-4BB3-8196-7BB3BFA3AAFB}
	EndGlobalSection
EndGlobal
