
Microsoft Visual Studio Solution File, Format Version 12.00
# Visual Studio Version 16
VisualStudioVersion = 16.0.31019.35
MinimumVisualStudioVersion = 10.0.40219.1
Project("{FAE04EC0-301F-11D3-BF4B-00C04F79EFBC}") = "Detyra2", "Detyra2\Detyra2.csproj", "{D20C0774-21F9-4227-8E18-BFC36EA4B8FE}"
EndProject
Global
	GlobalSection(SolutionConfigurationPlatforms) = preSolution
		Debug|Any CPU = Debug|Any CPU
		Release|Any CPU = Release|Any CPU
	EndGlobalSection
	GlobalSection(ProjectConfigurationPlatforms) = postSolution
		{D20C0774-21F9-4227-8E18-BFC36EA4B8FE}.Debug|Any CPU.ActiveCfg = Debug|Any CPU
		{D20C0774-21F9-4227-8E18-BFC36EA4B8FE}.Debug|Any CPU.Build.0 = Debug|Any CPU
		{D20C0774-21F9-4227-8E18-BFC36EA4B8FE}.Release|Any CPU.ActiveCfg = Release|Any CPU
		{D20C0774-21F9-4227-8E18-BFC36EA4B8FE}.Release|Any CPU.Build.0 = Release|Any CPU
	EndGlobalSection
	GlobalSection(SolutionProperties) = preSolution
		HideSolutionNode = FALSE
	EndGlobalSection
	GlobalSection(ExtensibilityGlobals) = postSolution
		SolutionGuid = {ACAC5937-2EA0-4413-B92C-4559B2149DD0}
	EndGlobalSection
EndGlobal
