
Microsoft Visual Studio Solution File, Format Version 12.00
# Visual Studio Version 16
VisualStudioVersion = 16.0.31019.35
MinimumVisualStudioVersion = 10.0.40219.1
Project("{FAE04EC0-301F-11D3-BF4B-00C04F79EFBC}") = "Detyra1", "Detyra1\Detyra1.csproj", "{BBE20950-F17B-42E4-9E4B-8148589A00E7}"
EndProject
Global
	GlobalSection(SolutionConfigurationPlatforms) = preSolution
		Debug|Any CPU = Debug|Any CPU
		Release|Any CPU = Release|Any CPU
	EndGlobalSection
	GlobalSection(ProjectConfigurationPlatforms) = postSolution
		{BBE20950-F17B-42E4-9E4B-8148589A00E7}.Debug|Any CPU.ActiveCfg = Debug|Any CPU
		{BBE20950-F17B-42E4-9E4B-8148589A00E7}.Debug|Any CPU.Build.0 = Debug|Any CPU
		{BBE20950-F17B-42E4-9E4B-8148589A00E7}.Release|Any CPU.ActiveCfg = Release|Any CPU
		{BBE20950-F17B-42E4-9E4B-8148589A00E7}.Release|Any CPU.Build.0 = Release|Any CPU
	EndGlobalSection
	GlobalSection(SolutionProperties) = preSolution
		HideSolutionNode = FALSE
	EndGlobalSection
	GlobalSection(ExtensibilityGlobals) = postSolution
		SolutionGuid = {1A62CC6C-8EFA-4F3E-BF10-2A7C5418C3B0}
	EndGlobalSection
EndGlobal
