
Microsoft Visual Studio Solution File, Format Version 12.00
# Visual Studio Version 16
VisualStudioVersion = 16.0.31019.35
MinimumVisualStudioVersion = 10.0.40219.1
Project("{FAE04EC0-301F-11D3-BF4B-00C04F79EFBC}") = "Detyra10", "Detyra10\Detyra10.csproj", "{339266B7-39AA-46C9-8E66-E85E3C40F658}"
EndProject
Global
	GlobalSection(SolutionConfigurationPlatforms) = preSolution
		Debug|Any CPU = Debug|Any CPU
		Release|Any CPU = Release|Any CPU
	EndGlobalSection
	GlobalSection(ProjectConfigurationPlatforms) = postSolution
		{339266B7-39AA-46C9-8E66-E85E3C40F658}.Debug|Any CPU.ActiveCfg = Debug|Any CPU
		{339266B7-39AA-46C9-8E66-E85E3C40F658}.Debug|Any CPU.Build.0 = Debug|Any CPU
		{339266B7-39AA-46C9-8E66-E85E3C40F658}.Release|Any CPU.ActiveCfg = Release|Any CPU
		{339266B7-39AA-46C9-8E66-E85E3C40F658}.Release|Any CPU.Build.0 = Release|Any CPU
	EndGlobalSection
	GlobalSection(SolutionProperties) = preSolution
		HideSolutionNode = FALSE
	EndGlobalSection
	GlobalSection(ExtensibilityGlobals) = postSolution
		SolutionGuid = {F6C881F6-3F7E-42E3-AE0F-610EB662603F}
	EndGlobalSection
EndGlobal
