
Microsoft Visual Studio Solution File, Format Version 12.00
# Visual Studio Version 16
VisualStudioVersion = 16.0.31019.35
MinimumVisualStudioVersion = 10.0.40219.1
Project("{FAE04EC0-301F-11D3-BF4B-00C04F79EFBC}") = "Detyra12", "Detyra12\Detyra12.csproj", "{CFEE7662-E2CB-4567-81E7-D6BB9130290A}"
EndProject
Global
	GlobalSection(SolutionConfigurationPlatforms) = preSolution
		Debug|Any CPU = Debug|Any CPU
		Release|Any CPU = Release|Any CPU
	EndGlobalSection
	GlobalSection(ProjectConfigurationPlatforms) = postSolution
		{CFEE7662-E2CB-4567-81E7-D6BB9130290A}.Debug|Any CPU.ActiveCfg = Debug|Any CPU
		{CFEE7662-E2CB-4567-81E7-D6BB9130290A}.Debug|Any CPU.Build.0 = Debug|Any CPU
		{CFEE7662-E2CB-4567-81E7-D6BB9130290A}.Release|Any CPU.ActiveCfg = Release|Any CPU
		{CFEE7662-E2CB-4567-81E7-D6BB9130290A}.Release|Any CPU.Build.0 = Release|Any CPU
	EndGlobalSection
	GlobalSection(SolutionProperties) = preSolution
		HideSolutionNode = FALSE
	EndGlobalSection
	GlobalSection(ExtensibilityGlobals) = postSolution
		SolutionGuid = {844A1BFF-221A-4466-83AE-274F877ABB00}
	EndGlobalSection
EndGlobal
