
Microsoft Visual Studio Solution File, Format Version 12.00
# Visual Studio Version 16
VisualStudioVersion = 16.0.31019.35
MinimumVisualStudioVersion = 10.0.40219.1
Project("{FAE04EC0-301F-11D3-BF4B-00C04F79EFBC}") = "Detyra6", "Detyra6\Detyra6.csproj", "{49BB7D36-DA33-41E0-8611-07522BB4F89D}"
EndProject
Global
	GlobalSection(SolutionConfigurationPlatforms) = preSolution
		Debug|Any CPU = Debug|Any CPU
		Release|Any CPU = Release|Any CPU
	EndGlobalSection
	GlobalSection(ProjectConfigurationPlatforms) = postSolution
		{49BB7D36-DA33-41E0-8611-07522BB4F89D}.Debug|Any CPU.ActiveCfg = Debug|Any CPU
		{49BB7D36-DA33-41E0-8611-07522BB4F89D}.Debug|Any CPU.Build.0 = Debug|Any CPU
		{49BB7D36-DA33-41E0-8611-07522BB4F89D}.Release|Any CPU.ActiveCfg = Release|Any CPU
		{49BB7D36-DA33-41E0-8611-07522BB4F89D}.Release|Any CPU.Build.0 = Release|Any CPU
	EndGlobalSection
	GlobalSection(SolutionProperties) = preSolution
		HideSolutionNode = FALSE
	EndGlobalSection
	GlobalSection(ExtensibilityGlobals) = postSolution
		SolutionGuid = {6091EDCA-62E9-4BAB-9478-555362D3A2A3}
	EndGlobalSection
EndGlobal
