
Microsoft Visual Studio Solution File, Format Version 12.00
# Visual Studio Version 16
VisualStudioVersion = 16.0.31019.35
MinimumVisualStudioVersion = 10.0.40219.1
Project("{FAE04EC0-301F-11D3-BF4B-00C04F79EFBC}") = "Detyra5", "Detyra5\Detyra5.csproj", "{9526735D-B786-4E00-B1FA-1DE68251B9E1}"
EndProject
Global
	GlobalSection(SolutionConfigurationPlatforms) = preSolution
		Debug|Any CPU = Debug|Any CPU
		Release|Any CPU = Release|Any CPU
	EndGlobalSection
	GlobalSection(ProjectConfigurationPlatforms) = postSolution
		{9526735D-B786-4E00-B1FA-1DE68251B9E1}.Debug|Any CPU.ActiveCfg = Debug|Any CPU
		{9526735D-B786-4E00-B1FA-1DE68251B9E1}.Debug|Any CPU.Build.0 = Debug|Any CPU
		{9526735D-B786-4E00-B1FA-1DE68251B9E1}.Release|Any CPU.ActiveCfg = Release|Any CPU
		{9526735D-B786-4E00-B1FA-1DE68251B9E1}.Release|Any CPU.Build.0 = Release|Any CPU
	EndGlobalSection
	GlobalSection(SolutionProperties) = preSolution
		HideSolutionNode = FALSE
	EndGlobalSection
	GlobalSection(ExtensibilityGlobals) = postSolution
		SolutionGuid = {0A675036-E38E-4CE2-9C20-C406FDC950FD}
	EndGlobalSection
EndGlobal
