
Microsoft Visual Studio Solution File, Format Version 12.00
# Visual Studio Version 16
VisualStudioVersion = 16.0.31019.35
MinimumVisualStudioVersion = 10.0.40219.1
Project("{FAE04EC0-301F-11D3-BF4B-00C04F79EFBC}") = "Detyra1", "Detyra1\Detyra1.csproj", "{050DC890-72A6-46C0-996B-2E6460148A9B}"
EndProject
Global
	GlobalSection(SolutionConfigurationPlatforms) = preSolution
		Debug|Any CPU = Debug|Any CPU
		Release|Any CPU = Release|Any CPU
	EndGlobalSection
	GlobalSection(ProjectConfigurationPlatforms) = postSolution
		{050DC890-72A6-46C0-996B-2E6460148A9B}.Debug|Any CPU.ActiveCfg = Debug|Any CPU
		{050DC890-72A6-46C0-996B-2E6460148A9B}.Debug|Any CPU.Build.0 = Debug|Any CPU
		{050DC890-72A6-46C0-996B-2E6460148A9B}.Release|Any CPU.ActiveCfg = Release|Any CPU
		{050DC890-72A6-46C0-996B-2E6460148A9B}.Release|Any CPU.Build.0 = Release|Any CPU
	EndGlobalSection
	GlobalSection(SolutionProperties) = preSolution
		HideSolutionNode = FALSE
	EndGlobalSection
	GlobalSection(ExtensibilityGlobals) = postSolution
		SolutionGuid = {C01AC1A2-520B-41DB-89D5-269BCAA22635}
	EndGlobalSection
EndGlobal
