
Microsoft Visual Studio Solution File, Format Version 12.00
# Visual Studio Version 16
VisualStudioVersion = 16.0.31019.35
MinimumVisualStudioVersion = 10.0.40219.1
Project("{FAE04EC0-301F-11D3-BF4B-00C04F79EFBC}") = "File5", "File5\File5.csproj", "{BA402DE5-6612-40AB-8274-D3757B89A9F9}"
EndProject
Global
	GlobalSection(SolutionConfigurationPlatforms) = preSolution
		Debug|Any CPU = Debug|Any CPU
		Release|Any CPU = Release|Any CPU
	EndGlobalSection
	GlobalSection(ProjectConfigurationPlatforms) = postSolution
		{BA402DE5-6612-40AB-8274-D3757B89A9F9}.Debug|Any CPU.ActiveCfg = Debug|Any CPU
		{BA402DE5-6612-40AB-8274-D3757B89A9F9}.Debug|Any CPU.Build.0 = Debug|Any CPU
		{BA402DE5-6612-40AB-8274-D3757B89A9F9}.Release|Any CPU.ActiveCfg = Release|Any CPU
		{BA402DE5-6612-40AB-8274-D3757B89A9F9}.Release|Any CPU.Build.0 = Release|Any CPU
	EndGlobalSection
	GlobalSection(SolutionProperties) = preSolution
		HideSolutionNode = FALSE
	EndGlobalSection
	GlobalSection(ExtensibilityGlobals) = postSolution
		SolutionGuid = {FC17EA58-4AF1-4B0D-8B9A-6AC7FA8603B7}
	EndGlobalSection
EndGlobal
